
Microsoft Visual Studio Solution File, Format Version 12.00
# Visual Studio Version 17
VisualStudioVersion = 17.8.34408.163
MinimumVisualStudioVersion = 10.0.40219.1
Project("{FAE04EC0-301F-11D3-BF4B-00C04F79EFBC}") = "WebAPIDemo", "WebAPIDemo\WebAPIDemo.csproj", "{DF14E378-A653-4BCC-9A1F-D681090E3213}"
EndProject
Global
	GlobalSection(SolutionConfigurationPlatforms) = preSolution
		Debug|Any CPU = Debug|Any CPU
		Release|Any CPU = Release|Any CPU
	EndGlobalSection
	GlobalSection(ProjectConfigurationPlatforms) = postSolution
		{DF14E378-A653-4BCC-9A1F-D681090E3213}.Debug|Any CPU.ActiveCfg = Debug|Any CPU
		{DF14E378-A653-4BCC-9A1F-D681090E3213}.Debug|Any CPU.Build.0 = Debug|Any CPU
		{DF14E378-A653-4BCC-9A1F-D681090E3213}.Release|Any CPU.ActiveCfg = Release|Any CPU
		{DF14E378-A653-4BCC-9A1F-D681090E3213}.Release|Any CPU.Build.0 = Release|Any CPU
	EndGlobalSection
	GlobalSection(SolutionProperties) = preSolution
		HideSolutionNode = FALSE
	EndGlobalSection
	GlobalSection(ExtensibilityGlobals) = postSolution
		SolutionGuid = {7265489B-C475-4362-815D-BA1C794BD723}
	EndGlobalSection
EndGlobal
